
Microsoft Visual Studio Solution File, Format Version 12.00
Project("{2150E333-8FDC-42A3-9474-1A3956D46DE8}") = "main", "main", "{BF8E4CEB-DCE8-4F4B-A2DE-13288B44AE58}"
EndProject
Project("{FAE04EC0-301F-11D3-BF4B-00C04F79EFBC}") = "Core", "src\main\Core\Core.csproj", "{07A98ADC-50B3-4D5B-9692-E367A586498E}"
EndProject
Project("{FAE04EC0-301F-11D3-BF4B-00C04F79EFBC}") = "Infra.MongoDB", "src\main\Infra.MongoDB\Infra.MongoDB.csproj", "{1785CE2C-7BDC-4921-AB01-A8C9E770F432}"
EndProject
Project("{FAE04EC0-301F-11D3-BF4B-00C04F79EFBC}") = "Infra.HttpClient", "src\main\Infra.HttpClient\Infra.HttpClient.csproj", "{9E8C6011-2C69-417E-A542-5F909F97D7AC}"
EndProject
Project("{FAE04EC0-301F-11D3-BF4B-00C04F79EFBC}") = "EntryPoint.WebApi", "src\main\EntryPoint.WebApi\EntryPoint.WebApi.csproj", "{F2286646-2848-491D-9EED-14D34D247E90}"
EndProject
Project("{2150E333-8FDC-42A3-9474-1A3956D46DE8}") = "test", "test", "{EC526A3E-E54A-459E-ACDD-0BC29A9F2643}"
EndProject
Project("{FAE04EC0-301F-11D3-BF4B-00C04F79EFBC}") = "UnitTest.Core", "src\test\UnitTest.Core\UnitTest.Core.csproj", "{D17397C1-253B-4E0E-A43E-84240FD4E921}"
EndProject
Project("{FAE04EC0-301F-11D3-BF4B-00C04F79EFBC}") = "IntegrationTest.Infra.MongoDB", "src\test\IntegrationTest.Infra.MongoDB\IntegrationTest.Infra.MongoDB.csproj", "{BD3C45C5-554F-45AC-B64C-F2069FE723B2}"
EndProject
Project("{FAE04EC0-301F-11D3-BF4B-00C04F79EFBC}") = "IntegrationTest.Infra.HttpClient", "src\test\IntegrationTest.Infra.HttpClient\IntegrationTest.Infra.HttpClient.csproj", "{49731993-DA6E-493D-9865-3D22985A860F}"
EndProject
Project("{FAE04EC0-301F-11D3-BF4B-00C04F79EFBC}") = "IntegrationTest.EntryPoint.WebApi", "src\test\IntegrationTest.EntryPoint.WebApi\IntegrationTest.EntryPoint.WebApi.csproj", "{D3BD9D0C-55A4-4FDE-A420-47EB9D0294A2}"
EndProject
Global
	GlobalSection(SolutionConfigurationPlatforms) = preSolution
		Debug|Any CPU = Debug|Any CPU
		Release|Any CPU = Release|Any CPU
	EndGlobalSection
	GlobalSection(NestedProjects) = preSolution
		{07A98ADC-50B3-4D5B-9692-E367A586498E} = {BF8E4CEB-DCE8-4F4B-A2DE-13288B44AE58}
		{1785CE2C-7BDC-4921-AB01-A8C9E770F432} = {BF8E4CEB-DCE8-4F4B-A2DE-13288B44AE58}
		{9E8C6011-2C69-417E-A542-5F909F97D7AC} = {BF8E4CEB-DCE8-4F4B-A2DE-13288B44AE58}
		{F2286646-2848-491D-9EED-14D34D247E90} = {BF8E4CEB-DCE8-4F4B-A2DE-13288B44AE58}
		{D17397C1-253B-4E0E-A43E-84240FD4E921} = {EC526A3E-E54A-459E-ACDD-0BC29A9F2643}
		{BD3C45C5-554F-45AC-B64C-F2069FE723B2} = {EC526A3E-E54A-459E-ACDD-0BC29A9F2643}
		{49731993-DA6E-493D-9865-3D22985A860F} = {EC526A3E-E54A-459E-ACDD-0BC29A9F2643}
		{D3BD9D0C-55A4-4FDE-A420-47EB9D0294A2} = {EC526A3E-E54A-459E-ACDD-0BC29A9F2643}
	EndGlobalSection
	GlobalSection(ProjectConfigurationPlatforms) = postSolution
		{07A98ADC-50B3-4D5B-9692-E367A586498E}.Debug|Any CPU.ActiveCfg = Debug|Any CPU
		{07A98ADC-50B3-4D5B-9692-E367A586498E}.Debug|Any CPU.Build.0 = Debug|Any CPU
		{07A98ADC-50B3-4D5B-9692-E367A586498E}.Release|Any CPU.ActiveCfg = Release|Any CPU
		{07A98ADC-50B3-4D5B-9692-E367A586498E}.Release|Any CPU.Build.0 = Release|Any CPU
		{1785CE2C-7BDC-4921-AB01-A8C9E770F432}.Debug|Any CPU.ActiveCfg = Debug|Any CPU
		{1785CE2C-7BDC-4921-AB01-A8C9E770F432}.Debug|Any CPU.Build.0 = Debug|Any CPU
		{1785CE2C-7BDC-4921-AB01-A8C9E770F432}.Release|Any CPU.ActiveCfg = Release|Any CPU
		{1785CE2C-7BDC-4921-AB01-A8C9E770F432}.Release|Any CPU.Build.0 = Release|Any CPU
		{9E8C6011-2C69-417E-A542-5F909F97D7AC}.Debug|Any CPU.ActiveCfg = Debug|Any CPU
		{9E8C6011-2C69-417E-A542-5F909F97D7AC}.Debug|Any CPU.Build.0 = Debug|Any CPU
		{9E8C6011-2C69-417E-A542-5F909F97D7AC}.Release|Any CPU.ActiveCfg = Release|Any CPU
		{9E8C6011-2C69-417E-A542-5F909F97D7AC}.Release|Any CPU.Build.0 = Release|Any CPU
		{F2286646-2848-491D-9EED-14D34D247E90}.Debug|Any CPU.ActiveCfg = Debug|Any CPU
		{F2286646-2848-491D-9EED-14D34D247E90}.Debug|Any CPU.Build.0 = Debug|Any CPU
		{F2286646-2848-491D-9EED-14D34D247E90}.Release|Any CPU.ActiveCfg = Release|Any CPU
		{F2286646-2848-491D-9EED-14D34D247E90}.Release|Any CPU.Build.0 = Release|Any CPU
		{D17397C1-253B-4E0E-A43E-84240FD4E921}.Debug|Any CPU.ActiveCfg = Debug|Any CPU
		{D17397C1-253B-4E0E-A43E-84240FD4E921}.Debug|Any CPU.Build.0 = Debug|Any CPU
		{D17397C1-253B-4E0E-A43E-84240FD4E921}.Release|Any CPU.ActiveCfg = Release|Any CPU
		{D17397C1-253B-4E0E-A43E-84240FD4E921}.Release|Any CPU.Build.0 = Release|Any CPU
		{BD3C45C5-554F-45AC-B64C-F2069FE723B2}.Debug|Any CPU.ActiveCfg = Debug|Any CPU
		{BD3C45C5-554F-45AC-B64C-F2069FE723B2}.Debug|Any CPU.Build.0 = Debug|Any CPU
		{BD3C45C5-554F-45AC-B64C-F2069FE723B2}.Release|Any CPU.ActiveCfg = Release|Any CPU
		{BD3C45C5-554F-45AC-B64C-F2069FE723B2}.Release|Any CPU.Build.0 = Release|Any CPU
		{49731993-DA6E-493D-9865-3D22985A860F}.Debug|Any CPU.ActiveCfg = Debug|Any CPU
		{49731993-DA6E-493D-9865-3D22985A860F}.Debug|Any CPU.Build.0 = Debug|Any CPU
		{49731993-DA6E-493D-9865-3D22985A860F}.Release|Any CPU.ActiveCfg = Release|Any CPU
		{49731993-DA6E-493D-9865-3D22985A860F}.Release|Any CPU.Build.0 = Release|Any CPU
		{D3BD9D0C-55A4-4FDE-A420-47EB9D0294A2}.Debug|Any CPU.ActiveCfg = Debug|Any CPU
		{D3BD9D0C-55A4-4FDE-A420-47EB9D0294A2}.Debug|Any CPU.Build.0 = Debug|Any CPU
		{D3BD9D0C-55A4-4FDE-A420-47EB9D0294A2}.Release|Any CPU.ActiveCfg = Release|Any CPU
		{D3BD9D0C-55A4-4FDE-A420-47EB9D0294A2}.Release|Any CPU.Build.0 = Release|Any CPU
	EndGlobalSection
EndGlobal
