
Microsoft Visual Studio Solution File, Format Version 12.00
Project("{2150E333-8FDC-42A3-9474-1A3956D46DE8}") = "main", "main", "{73313ED3-93CB-4173-BAE0-7443DD173C52}"
EndProject
Project("{FAE04EC0-301F-11D3-BF4B-00C04F79EFBC}") = "Core", "Core\Core.csproj", "{045D64B3-7B87-4514-8895-026E47C53766}"
EndProject
Project("{FAE04EC0-301F-11D3-BF4B-00C04F79EFBC}") = "EntryPoint.WebApi", "EntryPoint.WebApi\EntryPoint.WebApi.csproj", "{8997F6C8-7628-4A04-B618-E5591BBF13AE}"
EndProject
Project("{2150E333-8FDC-42A3-9474-1A3956D46DE8}") = "test", "test", "{107DDB01-7CE3-42A1-8A3E-D3975628CDFF}"
EndProject
Project("{FAE04EC0-301F-11D3-BF4B-00C04F79EFBC}") = "UnitTest.Core", "UnitTest.Core\UnitTest.Core.csproj", "{26DAAC1C-7B56-4130-837F-AD582E1C18CC}"
EndProject
Project("{FAE04EC0-301F-11D3-BF4B-00C04F79EFBC}") = "IntegrationTest.EntryPoint.WebApi", "IntegrationTest.EntryPoint.WebApi\IntegrationTest.EntryPoint.WebApi.csproj", "{61CC8D18-3CE5-496B-9757-BDBEE4C06941}"
EndProject
Project("{FAE04EC0-301F-11D3-BF4B-00C04F79EFBC}") = "Infra.HttpClient", "Infra.HttpClient\Infra.HttpClient.csproj", "{9E3737F6-1D79-4685-AD71-639D845A8722}"
EndProject
Project("{FAE04EC0-301F-11D3-BF4B-00C04F79EFBC}") = "Infra.MongoDB", "Infra.MongoDB\Infra.MongoDB.csproj", "{B3AA1C83-C226-4430-B165-9A0F8E74F68B}"
EndProject
Project("{FAE04EC0-301F-11D3-BF4B-00C04F79EFBC}") = "IntegrationTest.Infra.MongoDB", "IntegrationTest.Infra.MongoDB\IntegrationTest.Infra.MongoDB.csproj", "{021C1B0F-99BC-43CA-8C57-1D56D0D0A87E}"
EndProject
Project("{FAE04EC0-301F-11D3-BF4B-00C04F79EFBC}") = "IntegrationTest.Infra.HttpClient", "IntegrationTest.Infra.HttpClient\IntegrationTest.Infra.HttpClient.csproj", "{3081AC46-A368-45D1-9DA8-CC18BCB80EAA}"
EndProject
Global
	GlobalSection(SolutionConfigurationPlatforms) = preSolution
		Debug|Any CPU = Debug|Any CPU
		Release|Any CPU = Release|Any CPU
	EndGlobalSection
	GlobalSection(NestedProjects) = preSolution
		{045D64B3-7B87-4514-8895-026E47C53766} = {73313ED3-93CB-4173-BAE0-7443DD173C52}
		{8997F6C8-7628-4A04-B618-E5591BBF13AE} = {73313ED3-93CB-4173-BAE0-7443DD173C52}
		{26DAAC1C-7B56-4130-837F-AD582E1C18CC} = {107DDB01-7CE3-42A1-8A3E-D3975628CDFF}
		{61CC8D18-3CE5-496B-9757-BDBEE4C06941} = {107DDB01-7CE3-42A1-8A3E-D3975628CDFF}
		{9E3737F6-1D79-4685-AD71-639D845A8722} = {73313ED3-93CB-4173-BAE0-7443DD173C52}
		{B3AA1C83-C226-4430-B165-9A0F8E74F68B} = {73313ED3-93CB-4173-BAE0-7443DD173C52}
		{021C1B0F-99BC-43CA-8C57-1D56D0D0A87E} = {107DDB01-7CE3-42A1-8A3E-D3975628CDFF}
		{3081AC46-A368-45D1-9DA8-CC18BCB80EAA} = {107DDB01-7CE3-42A1-8A3E-D3975628CDFF}
	EndGlobalSection
	GlobalSection(ProjectConfigurationPlatforms) = postSolution
		{045D64B3-7B87-4514-8895-026E47C53766}.Debug|Any CPU.ActiveCfg = Debug|Any CPU
		{045D64B3-7B87-4514-8895-026E47C53766}.Debug|Any CPU.Build.0 = Debug|Any CPU
		{045D64B3-7B87-4514-8895-026E47C53766}.Release|Any CPU.ActiveCfg = Release|Any CPU
		{045D64B3-7B87-4514-8895-026E47C53766}.Release|Any CPU.Build.0 = Release|Any CPU
		{8997F6C8-7628-4A04-B618-E5591BBF13AE}.Debug|Any CPU.ActiveCfg = Debug|Any CPU
		{8997F6C8-7628-4A04-B618-E5591BBF13AE}.Debug|Any CPU.Build.0 = Debug|Any CPU
		{8997F6C8-7628-4A04-B618-E5591BBF13AE}.Release|Any CPU.ActiveCfg = Release|Any CPU
		{8997F6C8-7628-4A04-B618-E5591BBF13AE}.Release|Any CPU.Build.0 = Release|Any CPU
		{26DAAC1C-7B56-4130-837F-AD582E1C18CC}.Debug|Any CPU.ActiveCfg = Debug|Any CPU
		{26DAAC1C-7B56-4130-837F-AD582E1C18CC}.Debug|Any CPU.Build.0 = Debug|Any CPU
		{26DAAC1C-7B56-4130-837F-AD582E1C18CC}.Release|Any CPU.ActiveCfg = Release|Any CPU
		{26DAAC1C-7B56-4130-837F-AD582E1C18CC}.Release|Any CPU.Build.0 = Release|Any CPU
		{61CC8D18-3CE5-496B-9757-BDBEE4C06941}.Debug|Any CPU.ActiveCfg = Debug|Any CPU
		{61CC8D18-3CE5-496B-9757-BDBEE4C06941}.Debug|Any CPU.Build.0 = Debug|Any CPU
		{61CC8D18-3CE5-496B-9757-BDBEE4C06941}.Release|Any CPU.ActiveCfg = Release|Any CPU
		{61CC8D18-3CE5-496B-9757-BDBEE4C06941}.Release|Any CPU.Build.0 = Release|Any CPU
		{9E3737F6-1D79-4685-AD71-639D845A8722}.Debug|Any CPU.ActiveCfg = Debug|Any CPU
		{9E3737F6-1D79-4685-AD71-639D845A8722}.Debug|Any CPU.Build.0 = Debug|Any CPU
		{9E3737F6-1D79-4685-AD71-639D845A8722}.Release|Any CPU.ActiveCfg = Release|Any CPU
		{9E3737F6-1D79-4685-AD71-639D845A8722}.Release|Any CPU.Build.0 = Release|Any CPU
		{B3AA1C83-C226-4430-B165-9A0F8E74F68B}.Debug|Any CPU.ActiveCfg = Debug|Any CPU
		{B3AA1C83-C226-4430-B165-9A0F8E74F68B}.Debug|Any CPU.Build.0 = Debug|Any CPU
		{B3AA1C83-C226-4430-B165-9A0F8E74F68B}.Release|Any CPU.ActiveCfg = Release|Any CPU
		{B3AA1C83-C226-4430-B165-9A0F8E74F68B}.Release|Any CPU.Build.0 = Release|Any CPU
		{021C1B0F-99BC-43CA-8C57-1D56D0D0A87E}.Debug|Any CPU.ActiveCfg = Debug|Any CPU
		{021C1B0F-99BC-43CA-8C57-1D56D0D0A87E}.Debug|Any CPU.Build.0 = Debug|Any CPU
		{021C1B0F-99BC-43CA-8C57-1D56D0D0A87E}.Release|Any CPU.ActiveCfg = Release|Any CPU
		{021C1B0F-99BC-43CA-8C57-1D56D0D0A87E}.Release|Any CPU.Build.0 = Release|Any CPU
		{3081AC46-A368-45D1-9DA8-CC18BCB80EAA}.Debug|Any CPU.ActiveCfg = Debug|Any CPU
		{3081AC46-A368-45D1-9DA8-CC18BCB80EAA}.Debug|Any CPU.Build.0 = Debug|Any CPU
		{3081AC46-A368-45D1-9DA8-CC18BCB80EAA}.Release|Any CPU.ActiveCfg = Release|Any CPU
		{3081AC46-A368-45D1-9DA8-CC18BCB80EAA}.Release|Any CPU.Build.0 = Release|Any CPU
	EndGlobalSection
EndGlobal
